
Microsoft Visual Studio Solution File, Format Version 12.00
# Visual Studio 15
VisualStudioVersion = 15.0.28307.438
MinimumVisualStudioVersion = 10.0.40219.1
Project("{FAE04EC0-301F-11D3-BF4B-00C04F79EFBC}") = "StringIO_TextView", "StringIO_TextView\StringIO_TextView.csproj", "{092C2056-7EF2-484A-8E4D-718C304F24DB}"
EndProject
Global
	GlobalSection(SolutionConfigurationPlatforms) = preSolution
		Debug|Any CPU = Debug|Any CPU
		Release|Any CPU = Release|Any CPU
	EndGlobalSection
	GlobalSection(ProjectConfigurationPlatforms) = postSolution
		{092C2056-7EF2-484A-8E4D-718C304F24DB}.Debug|Any CPU.ActiveCfg = Debug|Any CPU
		{092C2056-7EF2-484A-8E4D-718C304F24DB}.Debug|Any CPU.Build.0 = Debug|Any CPU
		{092C2056-7EF2-484A-8E4D-718C304F24DB}.Release|Any CPU.ActiveCfg = Release|Any CPU
		{092C2056-7EF2-484A-8E4D-718C304F24DB}.Release|Any CPU.Build.0 = Release|Any CPU
	EndGlobalSection
	GlobalSection(SolutionProperties) = preSolution
		HideSolutionNode = FALSE
	EndGlobalSection
	GlobalSection(ExtensibilityGlobals) = postSolution
		SolutionGuid = {471EA24F-2F92-41E8-B192-C0CE8CF73085}
	EndGlobalSection
EndGlobal
